
Microsoft Visual Studio Solution File, Format Version 12.00
# Visual Studio Version 16
VisualStudioVersion = 16.0.31424.327
MinimumVisualStudioVersion = 10.0.40219.1
Project("{FAE04EC0-301F-11D3-BF4B-00C04F79EFBC}") = "Geostorm", "Geostorm.csproj", "{CEBBE02E-7B19-4E6E-9ED3-6596F34124C8}"
EndProject
Global
	GlobalSection(SolutionConfigurationPlatforms) = preSolution
		Debug|Any CPU = Debug|Any CPU
		Release|Any CPU = Release|Any CPU
	EndGlobalSection
	GlobalSection(ProjectConfigurationPlatforms) = postSolution
		{CEBBE02E-7B19-4E6E-9ED3-6596F34124C8}.Debug|Any CPU.ActiveCfg = Debug|Any CPU
		{CEBBE02E-7B19-4E6E-9ED3-6596F34124C8}.Debug|Any CPU.Build.0 = Debug|Any CPU
		{CEBBE02E-7B19-4E6E-9ED3-6596F34124C8}.Release|Any CPU.ActiveCfg = Release|Any CPU
		{CEBBE02E-7B19-4E6E-9ED3-6596F34124C8}.Release|Any CPU.Build.0 = Release|Any CPU
	EndGlobalSection
	GlobalSection(SolutionProperties) = preSolution
		HideSolutionNode = FALSE
	EndGlobalSection
	GlobalSection(ExtensibilityGlobals) = postSolution
		SolutionGuid = {5AB5FED1-57E5-4761-A580-E3D3B4B971C9}
	EndGlobalSection
EndGlobal
